
Microsoft Visual Studio Solution File, Format Version 12.00
# Visual Studio Version 16
VisualStudioVersion = 16.0.35731.53
MinimumVisualStudioVersion = 10.0.40219.1
Project("{FAE04EC0-301F-11D3-BF4B-00C04F79EFBC}") = "treino1", "treino1.csproj", "{9B94A409-36F3-4A24-937F-75244EC7D0E3}"
EndProject
Global
	GlobalSection(SolutionConfigurationPlatforms) = preSolution
		Debug|Any CPU = Debug|Any CPU
		Release|Any CPU = Release|Any CPU
	EndGlobalSection
	GlobalSection(ProjectConfigurationPlatforms) = postSolution
		{9B94A409-36F3-4A24-937F-75244EC7D0E3}.Debug|Any CPU.ActiveCfg = Debug|Any CPU
		{9B94A409-36F3-4A24-937F-75244EC7D0E3}.Debug|Any CPU.Build.0 = Debug|Any CPU
		{9B94A409-36F3-4A24-937F-75244EC7D0E3}.Release|Any CPU.ActiveCfg = Release|Any CPU
		{9B94A409-36F3-4A24-937F-75244EC7D0E3}.Release|Any CPU.Build.0 = Release|Any CPU
	EndGlobalSection
	GlobalSection(SolutionProperties) = preSolution
		HideSolutionNode = FALSE
	EndGlobalSection
	GlobalSection(ExtensibilityGlobals) = postSolution
		SolutionGuid = {54EAC1D4-7DCF-4066-AD58-E7FD04D520F3}
	EndGlobalSection
EndGlobal
